
Microsoft Visual Studio Solution File, Format Version 12.00
# Visual Studio Version 16
VisualStudioVersion = 16.0.30717.126
MinimumVisualStudioVersion = 10.0.40219.1
Project("{FAE04EC0-301F-11D3-BF4B-00C04F79EFBC}") = "Cliente", "Cliente\Cliente.csproj", "{BA06109D-F608-41FA-A54B-6146264E610F}"
EndProject
Global
	GlobalSection(SolutionConfigurationPlatforms) = preSolution
		Debug|Any CPU = Debug|Any CPU
		Release|Any CPU = Release|Any CPU
	EndGlobalSection
	GlobalSection(ProjectConfigurationPlatforms) = postSolution
		{BA06109D-F608-41FA-A54B-6146264E610F}.Debug|Any CPU.ActiveCfg = Debug|Any CPU
		{BA06109D-F608-41FA-A54B-6146264E610F}.Debug|Any CPU.Build.0 = Debug|Any CPU
		{BA06109D-F608-41FA-A54B-6146264E610F}.Release|Any CPU.ActiveCfg = Release|Any CPU
		{BA06109D-F608-41FA-A54B-6146264E610F}.Release|Any CPU.Build.0 = Release|Any CPU
	EndGlobalSection
	GlobalSection(SolutionProperties) = preSolution
		HideSolutionNode = FALSE
	EndGlobalSection
	GlobalSection(ExtensibilityGlobals) = postSolution
		SolutionGuid = {8D51F9D4-C0AE-44C1-8C10-82737BD25824}
	EndGlobalSection
EndGlobal
